
Microsoft Visual Studio Solution File, Format Version 12.00
# Visual Studio Version 16
VisualStudioVersion = 16.0.30320.27
MinimumVisualStudioVersion = 10.0.40219.1
Project("{FAE04EC0-301F-11D3-BF4B-00C04F79EFBC}") = "Code Challenge_Day 18 Queues and Stacks", "Code Challenge_Day 18 Queues and Stacks\Code Challenge_Day 18 Queues and Stacks.csproj", "{C3E63B20-4984-4052-8799-94B676AD28C3}"
EndProject
Global
	GlobalSection(SolutionConfigurationPlatforms) = preSolution
		Debug|Any CPU = Debug|Any CPU
		Release|Any CPU = Release|Any CPU
	EndGlobalSection
	GlobalSection(ProjectConfigurationPlatforms) = postSolution
		{C3E63B20-4984-4052-8799-94B676AD28C3}.Debug|Any CPU.ActiveCfg = Debug|Any CPU
		{C3E63B20-4984-4052-8799-94B676AD28C3}.Debug|Any CPU.Build.0 = Debug|Any CPU
		{C3E63B20-4984-4052-8799-94B676AD28C3}.Release|Any CPU.ActiveCfg = Release|Any CPU
		{C3E63B20-4984-4052-8799-94B676AD28C3}.Release|Any CPU.Build.0 = Release|Any CPU
	EndGlobalSection
	GlobalSection(SolutionProperties) = preSolution
		HideSolutionNode = FALSE
	EndGlobalSection
	GlobalSection(ExtensibilityGlobals) = postSolution
		SolutionGuid = {4D300349-73D5-470A-BD09-DC22C088EA9B}
	EndGlobalSection
EndGlobal
